
Microsoft Visual Studio Solution File, Format Version 12.00
# Visual Studio 15
VisualStudioVersion = 15.0.27428.2037
MinimumVisualStudioVersion = 10.0.40219.1
Project("{FAE04EC0-301F-11D3-BF4B-00C04F79EFBC}") = "SerialROVCSFinal", "SerialROVCSFinal\SerialROVCSFinal.csproj", "{BEE792C8-D0D8-40CC-8865-2D3CF30BA0B1}"
EndProject
Global
	GlobalSection(SolutionConfigurationPlatforms) = preSolution
		Debug|Any CPU = Debug|Any CPU
		Release|Any CPU = Release|Any CPU
	EndGlobalSection
	GlobalSection(ProjectConfigurationPlatforms) = postSolution
		{BEE792C8-D0D8-40CC-8865-2D3CF30BA0B1}.Debug|Any CPU.ActiveCfg = Debug|Any CPU
		{BEE792C8-D0D8-40CC-8865-2D3CF30BA0B1}.Debug|Any CPU.Build.0 = Debug|Any CPU
		{BEE792C8-D0D8-40CC-8865-2D3CF30BA0B1}.Release|Any CPU.ActiveCfg = Release|Any CPU
		{BEE792C8-D0D8-40CC-8865-2D3CF30BA0B1}.Release|Any CPU.Build.0 = Release|Any CPU
	EndGlobalSection
	GlobalSection(SolutionProperties) = preSolution
		HideSolutionNode = FALSE
	EndGlobalSection
	GlobalSection(ExtensibilityGlobals) = postSolution
		SolutionGuid = {2FC420FE-5EBE-484E-9B45-F4D9959F7954}
	EndGlobalSection
EndGlobal
